
Microsoft Visual Studio Solution File, Format Version 12.00
# Visual Studio Version 17
VisualStudioVersion = 17.14.36414.22 d17.14
MinimumVisualStudioVersion = 10.0.40219.1
Project("{FAE04EC0-301F-11D3-BF4B-00C04F79EFBC}") = "kt1logirovanie", "kt1logirovanie.csproj", "{DB724A22-5199-494C-8516-EB36AB7BF043}"
EndProject
Global
	GlobalSection(SolutionConfigurationPlatforms) = preSolution
		Debug|Any CPU = Debug|Any CPU
		Release|Any CPU = Release|Any CPU
	EndGlobalSection
	GlobalSection(ProjectConfigurationPlatforms) = postSolution
		{DB724A22-5199-494C-8516-EB36AB7BF043}.Debug|Any CPU.ActiveCfg = Debug|Any CPU
		{DB724A22-5199-494C-8516-EB36AB7BF043}.Debug|Any CPU.Build.0 = Debug|Any CPU
		{DB724A22-5199-494C-8516-EB36AB7BF043}.Release|Any CPU.ActiveCfg = Release|Any CPU
		{DB724A22-5199-494C-8516-EB36AB7BF043}.Release|Any CPU.Build.0 = Release|Any CPU
	EndGlobalSection
	GlobalSection(SolutionProperties) = preSolution
		HideSolutionNode = FALSE
	EndGlobalSection
	GlobalSection(ExtensibilityGlobals) = postSolution
		SolutionGuid = {11E25A07-1073-4CD7-BE4B-66B4951B7F6E}
	EndGlobalSection
EndGlobal
